// !$*UTF8*$!
{
	archiveVersion = 1;
	classes = {
	};
	objectVersion = 50;
	objects = {

/* Begin PBXBuildFile section */
		E255D0FE23DBA0B600261C46 /* CDRide+CoreDataClass.swift in Sources */ = {isa = PBXBuildFile; fileRef = E255D0FC23DBA0B600261C46 /* CDRide+CoreDataClass.swift */; };
		E255D0FF23DBA0B600261C46 /* CDRide+CoreDataProperties.swift in Sources */ = {isa = PBXBuildFile; fileRef = E255D0FD23DBA0B600261C46 /* CDRide+CoreDataProperties.swift */; };
		E255D10223DC3A9300261C46 /* RidesListViewController.swift in Sources */ = {isa = PBXBuildFile; fileRef = E255D10123DC3A9300261C46 /* RidesListViewController.swift */; };
		E255D10423DCCF7200261C46 /* RideDetailViewController.swift in Sources */ = {isa = PBXBuildFile; fileRef = E255D10323DCCF7200261C46 /* RideDetailViewController.swift */; };
		E277DD5E23D91CA300795F4D /* AppDelegate.swift in Sources */ = {isa = PBXBuildFile; fileRef = E277DD5D23D91CA300795F4D /* AppDelegate.swift */; };
		E277DD6023D91CA300795F4D /* SceneDelegate.swift in Sources */ = {isa = PBXBuildFile; fileRef = E277DD5F23D91CA300795F4D /* SceneDelegate.swift */; };
		E277DD6523D91CA300795F4D /* Main.storyboard in Resources */ = {isa = PBXBuildFile; fileRef = E277DD6323D91CA300795F4D /* Main.storyboard */; };
		E277DD6A23D91CAA00795F4D /* Assets.xcassets in Resources */ = {isa = PBXBuildFile; fileRef = E277DD6923D91CAA00795F4D /* Assets.xcassets */; };
		E277DD6D23D91CAA00795F4D /* LaunchScreen.storyboard in Resources */ = {isa = PBXBuildFile; fileRef = E277DD6B23D91CAA00795F4D /* LaunchScreen.storyboard */; };
		E277DD7823D91CAA00795F4D /* BikeBuddyTests.swift in Sources */ = {isa = PBXBuildFile; fileRef = E277DD7723D91CAA00795F4D /* BikeBuddyTests.swift */; };
		E277DD8323D91CAA00795F4D /* BikeBuddyUITests.swift in Sources */ = {isa = PBXBuildFile; fileRef = E277DD8223D91CAA00795F4D /* BikeBuddyUITests.swift */; };
		E27F6FF423FC92DC0007AD40 /* BikeBuddy.xcdatamodeld in Sources */ = {isa = PBXBuildFile; fileRef = E27F6FF223FC92DC0007AD40 /* BikeBuddy.xcdatamodeld */; };
		E27F6FF623FCDD3D0007AD40 /* RoutePoint.swift in Sources */ = {isa = PBXBuildFile; fileRef = E27F6FF523FCDD3D0007AD40 /* RoutePoint.swift */; };
		E27F6FF923FCF0E50007AD40 /* CDRoute+CoreDataClass.swift in Sources */ = {isa = PBXBuildFile; fileRef = E27F6FF723FCF0E50007AD40 /* CDRoute+CoreDataClass.swift */; };
		E27F6FFA23FCF0E50007AD40 /* CDRoute+CoreDataProperties.swift in Sources */ = {isa = PBXBuildFile; fileRef = E27F6FF823FCF0E50007AD40 /* CDRoute+CoreDataProperties.swift */; };
		E27F6FFC23FCFD0C0007AD40 /* Ride.swift in Sources */ = {isa = PBXBuildFile; fileRef = E27F6FFB23FCFD0C0007AD40 /* Ride.swift */; };
		E27F6FFE23FE05C00007AD40 /* RouteFrame.swift in Sources */ = {isa = PBXBuildFile; fileRef = E27F6FFD23FE05C00007AD40 /* RouteFrame.swift */; };
		E27F700123FE197D0007AD40 /* RideListTableViewCell.swift in Sources */ = {isa = PBXBuildFile; fileRef = E27F700023FE197D0007AD40 /* RideListTableViewCell.swift */; };
		E27F700323FE30AE0007AD40 /* Util.swift in Sources */ = {isa = PBXBuildFile; fileRef = E27F700223FE30AE0007AD40 /* Util.swift */; };
		E27F700523FE3D530007AD40 /* MKMapView+Extension.swift in Sources */ = {isa = PBXBuildFile; fileRef = E27F700423FE3D530007AD40 /* MKMapView+Extension.swift */; };
		E27F700823FE5A570007AD40 /* MapViewModel.swift in Sources */ = {isa = PBXBuildFile; fileRef = E27F700723FE5A570007AD40 /* MapViewModel.swift */; };
		E27F700F23FE702C0007AD40 /* CDImage+CoreDataProperties.swift in Sources */ = {isa = PBXBuildFile; fileRef = E27F700D23FE702C0007AD40 /* CDImage+CoreDataProperties.swift */; };
		E27F701023FE702C0007AD40 /* CDImage+CoreDataClass.swift in Sources */ = {isa = PBXBuildFile; fileRef = E27F700E23FE702C0007AD40 /* CDImage+CoreDataClass.swift */; };
		E27F70122400AE860007AD40 /* Constants.swift in Sources */ = {isa = PBXBuildFile; fileRef = E27F70112400AE860007AD40 /* Constants.swift */; };
		E27F70142400C8D50007AD40 /* SpeedGradientGenerator.swift in Sources */ = {isa = PBXBuildFile; fileRef = E27F70132400C8D50007AD40 /* SpeedGradientGenerator.swift */; };
		E28616FF23D98E2C00D17C55 /* Route.swift in Sources */ = {isa = PBXBuildFile; fileRef = E28616FE23D98E2C00D17C55 /* Route.swift */; };
		E286170223D9966300D17C55 /* MainViewController.swift in Sources */ = {isa = PBXBuildFile; fileRef = E286170123D9966300D17C55 /* MainViewController.swift */; };
		E286170623DA38C900D17C55 /* DurationTimer.swift in Sources */ = {isa = PBXBuildFile; fileRef = E286170523DA38C900D17C55 /* DurationTimer.swift */; };
		E2997D7B23DA5F73001A6A57 /* String+Extension.swift in Sources */ = {isa = PBXBuildFile; fileRef = E2997D7A23DA5F73001A6A57 /* String+Extension.swift */; };
		E2997D7F23DA74F0001A6A57 /* UIColor+Extension.swift in Sources */ = {isa = PBXBuildFile; fileRef = E2997D7E23DA74F0001A6A57 /* UIColor+Extension.swift */; };
		E2997D8123DA8511001A6A57 /* PersistenceManager.swift in Sources */ = {isa = PBXBuildFile; fileRef = E2997D8023DA8511001A6A57 /* PersistenceManager.swift */; };
		E2997D8323DAC15D001A6A57 /* RideOverviewViewController.swift in Sources */ = {isa = PBXBuildFile; fileRef = E2997D8223DAC15D001A6A57 /* RideOverviewViewController.swift */; };
/* End PBXBuildFile section */

/* Begin PBXContainerItemProxy section */
		E277DD7423D91CAA00795F4D /* PBXContainerItemProxy */ = {
			isa = PBXContainerItemProxy;
			containerPortal = E277DD5223D91CA200795F4D /* Project object */;
			proxyType = 1;
			remoteGlobalIDString = E277DD5923D91CA200795F4D;
			remoteInfo = BikeBuddy;
		};
		E277DD7F23D91CAA00795F4D /* PBXContainerItemProxy */ = {
			isa = PBXContainerItemProxy;
			containerPortal = E277DD5223D91CA200795F4D /* Project object */;
			proxyType = 1;
			remoteGlobalIDString = E277DD5923D91CA200795F4D;
			remoteInfo = BikeBuddy;
		};
/* End PBXContainerItemProxy section */

/* Begin PBXFileReference section */
		E255D0FC23DBA0B600261C46 /* CDRide+CoreDataClass.swift */ = {isa = PBXFileReference; lastKnownFileType = sourcecode.swift; path = "CDRide+CoreDataClass.swift"; sourceTree = "<group>"; };
		E255D0FD23DBA0B600261C46 /* CDRide+CoreDataProperties.swift */ = {isa = PBXFileReference; lastKnownFileType = sourcecode.swift; path = "CDRide+CoreDataProperties.swift"; sourceTree = "<group>"; };
		E255D10123DC3A9300261C46 /* RidesListViewController.swift */ = {isa = PBXFileReference; lastKnownFileType = sourcecode.swift; path = RidesListViewController.swift; sourceTree = "<group>"; };
		E255D10323DCCF7200261C46 /* RideDetailViewController.swift */ = {isa = PBXFileReference; lastKnownFileType = sourcecode.swift; path = RideDetailViewController.swift; sourceTree = "<group>"; };
		E277DD5A23D91CA200795F4D /* BikeBuddy.app */ = {isa = PBXFileReference; explicitFileType = wrapper.application; includeInIndex = 0; path = BikeBuddy.app; sourceTree = BUILT_PRODUCTS_DIR; };
		E277DD5D23D91CA300795F4D /* AppDelegate.swift */ = {isa = PBXFileReference; lastKnownFileType = sourcecode.swift; path = AppDelegate.swift; sourceTree = "<group>"; };
		E277DD5F23D91CA300795F4D /* SceneDelegate.swift */ = {isa = PBXFileReference; lastKnownFileType = sourcecode.swift; path = SceneDelegate.swift; sourceTree = "<group>"; };
		E277DD6423D91CA300795F4D /* Base */ = {isa = PBXFileReference; lastKnownFileType = file.storyboard; name = Base; path = Base.lproj/Main.storyboard; sourceTree = "<group>"; };
		E277DD6923D91CAA00795F4D /* Assets.xcassets */ = {isa = PBXFileReference; lastKnownFileType = folder.assetcatalog; path = Assets.xcassets; sourceTree = "<group>"; };
		E277DD6C23D91CAA00795F4D /* Base */ = {isa = PBXFileReference; lastKnownFileType = file.storyboard; name = Base; path = Base.lproj/LaunchScreen.storyboard; sourceTree = "<group>"; };
		E277DD6E23D91CAA00795F4D /* Info.plist */ = {isa = PBXFileReference; lastKnownFileType = text.plist.xml; path = Info.plist; sourceTree = "<group>"; };
		E277DD7323D91CAA00795F4D /* BikeBuddyTests.xctest */ = {isa = PBXFileReference; explicitFileType = wrapper.cfbundle; includeInIndex = 0; path = BikeBuddyTests.xctest; sourceTree = BUILT_PRODUCTS_DIR; };
		E277DD7723D91CAA00795F4D /* BikeBuddyTests.swift */ = {isa = PBXFileReference; lastKnownFileType = sourcecode.swift; path = BikeBuddyTests.swift; sourceTree = "<group>"; };
		E277DD7923D91CAA00795F4D /* Info.plist */ = {isa = PBXFileReference; lastKnownFileType = text.plist.xml; path = Info.plist; sourceTree = "<group>"; };
		E277DD7E23D91CAA00795F4D /* BikeBuddyUITests.xctest */ = {isa = PBXFileReference; explicitFileType = wrapper.cfbundle; includeInIndex = 0; path = BikeBuddyUITests.xctest; sourceTree = BUILT_PRODUCTS_DIR; };
		E277DD8223D91CAA00795F4D /* BikeBuddyUITests.swift */ = {isa = PBXFileReference; lastKnownFileType = sourcecode.swift; path = BikeBuddyUITests.swift; sourceTree = "<group>"; };
		E277DD8423D91CAA00795F4D /* Info.plist */ = {isa = PBXFileReference; lastKnownFileType = text.plist.xml; path = Info.plist; sourceTree = "<group>"; };
		E27F6FF323FC92DC0007AD40 /* BikeBuddy.xcdatamodel */ = {isa = PBXFileReference; lastKnownFileType = wrapper.xcdatamodel; path = BikeBuddy.xcdatamodel; sourceTree = "<group>"; };
		E27F6FF523FCDD3D0007AD40 /* RoutePoint.swift */ = {isa = PBXFileReference; lastKnownFileType = sourcecode.swift; path = RoutePoint.swift; sourceTree = "<group>"; };
		E27F6FF723FCF0E50007AD40 /* CDRoute+CoreDataClass.swift */ = {isa = PBXFileReference; lastKnownFileType = sourcecode.swift; path = "CDRoute+CoreDataClass.swift"; sourceTree = "<group>"; };
		E27F6FF823FCF0E50007AD40 /* CDRoute+CoreDataProperties.swift */ = {isa = PBXFileReference; lastKnownFileType = sourcecode.swift; path = "CDRoute+CoreDataProperties.swift"; sourceTree = "<group>"; };
		E27F6FFB23FCFD0C0007AD40 /* Ride.swift */ = {isa = PBXFileReference; lastKnownFileType = sourcecode.swift; path = Ride.swift; sourceTree = "<group>"; };
		E27F6FFD23FE05C00007AD40 /* RouteFrame.swift */ = {isa = PBXFileReference; lastKnownFileType = sourcecode.swift; path = RouteFrame.swift; sourceTree = "<group>"; };
		E27F700023FE197D0007AD40 /* RideListTableViewCell.swift */ = {isa = PBXFileReference; lastKnownFileType = sourcecode.swift; path = RideListTableViewCell.swift; sourceTree = "<group>"; };
		E27F700223FE30AE0007AD40 /* Util.swift */ = {isa = PBXFileReference; lastKnownFileType = sourcecode.swift; path = Util.swift; sourceTree = "<group>"; };
		E27F700423FE3D530007AD40 /* MKMapView+Extension.swift */ = {isa = PBXFileReference; lastKnownFileType = sourcecode.swift; path = "MKMapView+Extension.swift"; sourceTree = "<group>"; };
		E27F700723FE5A570007AD40 /* MapViewModel.swift */ = {isa = PBXFileReference; lastKnownFileType = sourcecode.swift; path = MapViewModel.swift; sourceTree = "<group>"; };
		E27F700D23FE702C0007AD40 /* CDImage+CoreDataProperties.swift */ = {isa = PBXFileReference; fileEncoding = 4; lastKnownFileType = sourcecode.swift; path = "CDImage+CoreDataProperties.swift"; sourceTree = "<group>"; };
		E27F700E23FE702C0007AD40 /* CDImage+CoreDataClass.swift */ = {isa = PBXFileReference; fileEncoding = 4; lastKnownFileType = sourcecode.swift; path = "CDImage+CoreDataClass.swift"; sourceTree = "<group>"; };
		E27F70112400AE860007AD40 /* Constants.swift */ = {isa = PBXFileReference; lastKnownFileType = sourcecode.swift; path = Constants.swift; sourceTree = "<group>"; };
		E27F70132400C8D50007AD40 /* SpeedGradientGenerator.swift */ = {isa = PBXFileReference; lastKnownFileType = sourcecode.swift; path = SpeedGradientGenerator.swift; sourceTree = "<group>"; };
		E28616FE23D98E2C00D17C55 /* Route.swift */ = {isa = PBXFileReference; lastKnownFileType = sourcecode.swift; path = Route.swift; sourceTree = "<group>"; };
		E286170123D9966300D17C55 /* MainViewController.swift */ = {isa = PBXFileReference; lastKnownFileType = sourcecode.swift; path = MainViewController.swift; sourceTree = "<group>"; };
		E286170523DA38C900D17C55 /* DurationTimer.swift */ = {isa = PBXFileReference; lastKnownFileType = sourcecode.swift; path = DurationTimer.swift; sourceTree = "<group>"; };
		E2997D7A23DA5F73001A6A57 /* String+Extension.swift */ = {isa = PBXFileReference; lastKnownFileType = sourcecode.swift; path = "String+Extension.swift"; sourceTree = "<group>"; };
		E2997D7E23DA74F0001A6A57 /* UIColor+Extension.swift */ = {isa = PBXFileReference; lastKnownFileType = sourcecode.swift; path = "UIColor+Extension.swift"; sourceTree = "<group>"; };
		E2997D8023DA8511001A6A57 /* PersistenceManager.swift */ = {isa = PBXFileReference; lastKnownFileType = sourcecode.swift; path = PersistenceManager.swift; sourceTree = "<group>"; };
		E2997D8223DAC15D001A6A57 /* RideOverviewViewController.swift */ = {isa = PBXFileReference; lastKnownFileType = sourcecode.swift; path = RideOverviewViewController.swift; sourceTree = "<group>"; };
/* End PBXFileReference section */

/* Begin PBXFrameworksBuildPhase section */
		E277DD5723D91CA200795F4D /* Frameworks */ = {
			isa = PBXFrameworksBuildPhase;
			buildActionMask = 2147483647;
			files = (
			);
			runOnlyForDeploymentPostprocessing = 0;
		};
		E277DD7023D91CAA00795F4D /* Frameworks */ = {
			isa = PBXFrameworksBuildPhase;
			buildActionMask = 2147483647;
			files = (
			);
			runOnlyForDeploymentPostprocessing = 0;
		};
		E277DD7B23D91CAA00795F4D /* Frameworks */ = {
			isa = PBXFrameworksBuildPhase;
			buildActionMask = 2147483647;
			files = (
			);
			runOnlyForDeploymentPostprocessing = 0;
		};
/* End PBXFrameworksBuildPhase section */

/* Begin PBXGroup section */
		E255D10023DBA11F00261C46 /* NSManagedObject Files */ = {
			isa = PBXGroup;
			children = (
				E27F700E23FE702C0007AD40 /* CDImage+CoreDataClass.swift */,
				E27F700D23FE702C0007AD40 /* CDImage+CoreDataProperties.swift */,
				E27F6FF723FCF0E50007AD40 /* CDRoute+CoreDataClass.swift */,
				E27F6FF823FCF0E50007AD40 /* CDRoute+CoreDataProperties.swift */,
				E255D0FC23DBA0B600261C46 /* CDRide+CoreDataClass.swift */,
				E255D0FD23DBA0B600261C46 /* CDRide+CoreDataProperties.swift */,
			);
			path = "NSManagedObject Files";
			sourceTree = "<group>";
		};
		E277DD5123D91CA200795F4D = {
			isa = PBXGroup;
			children = (
				E277DD5C23D91CA200795F4D /* BikeBuddy */,
				E277DD7623D91CAA00795F4D /* BikeBuddyTests */,
				E277DD8123D91CAA00795F4D /* BikeBuddyUITests */,
				E277DD5B23D91CA200795F4D /* Products */,
			);
			sourceTree = "<group>";
		};
		E277DD5B23D91CA200795F4D /* Products */ = {
			isa = PBXGroup;
			children = (
				E277DD5A23D91CA200795F4D /* BikeBuddy.app */,
				E277DD7323D91CAA00795F4D /* BikeBuddyTests.xctest */,
				E277DD7E23D91CAA00795F4D /* BikeBuddyUITests.xctest */,
			);
			name = Products;
			sourceTree = "<group>";
		};
		E277DD5C23D91CA200795F4D /* BikeBuddy */ = {
			isa = PBXGroup;
			children = (
				E27F700623FE58100007AD40 /* ViewModel */,
				E27F6FFF23FE191E0007AD40 /* TableView Cells */,
				E2997D7923DA5F62001A6A57 /* Extensions */,
				E286170023D9960F00D17C55 /* Controller */,
				E28616FD23D98DF000D17C55 /* Model */,
				E255D10023DBA11F00261C46 /* NSManagedObject Files */,
				E277DD5D23D91CA300795F4D /* AppDelegate.swift */,
				E277DD5F23D91CA300795F4D /* SceneDelegate.swift */,
				E277DD6323D91CA300795F4D /* Main.storyboard */,
				E277DD6923D91CAA00795F4D /* Assets.xcassets */,
				E277DD6B23D91CAA00795F4D /* LaunchScreen.storyboard */,
				E277DD6E23D91CAA00795F4D /* Info.plist */,
				E27F6FF223FC92DC0007AD40 /* BikeBuddy.xcdatamodeld */,
			);
			path = BikeBuddy;
			sourceTree = "<group>";
		};
		E277DD7623D91CAA00795F4D /* BikeBuddyTests */ = {
			isa = PBXGroup;
			children = (
				E277DD7723D91CAA00795F4D /* BikeBuddyTests.swift */,
				E277DD7923D91CAA00795F4D /* Info.plist */,
			);
			path = BikeBuddyTests;
			sourceTree = "<group>";
		};
		E277DD8123D91CAA00795F4D /* BikeBuddyUITests */ = {
			isa = PBXGroup;
			children = (
				E277DD8223D91CAA00795F4D /* BikeBuddyUITests.swift */,
				E277DD8423D91CAA00795F4D /* Info.plist */,
			);
			path = BikeBuddyUITests;
			sourceTree = "<group>";
		};
		E27F6FFF23FE191E0007AD40 /* TableView Cells */ = {
			isa = PBXGroup;
			children = (
				E27F700023FE197D0007AD40 /* RideListTableViewCell.swift */,
			);
			path = "TableView Cells";
			sourceTree = "<group>";
		};
		E27F700623FE58100007AD40 /* ViewModel */ = {
			isa = PBXGroup;
			children = (
				E27F700723FE5A570007AD40 /* MapViewModel.swift */,
			);
			path = ViewModel;
			sourceTree = "<group>";
		};
		E28616FD23D98DF000D17C55 /* Model */ = {
			isa = PBXGroup;
			children = (
				E27F6FF523FCDD3D0007AD40 /* RoutePoint.swift */,
				E28616FE23D98E2C00D17C55 /* Route.swift */,
				E2997D8023DA8511001A6A57 /* PersistenceManager.swift */,
				E27F6FFB23FCFD0C0007AD40 /* Ride.swift */,
				E27F6FFD23FE05C00007AD40 /* RouteFrame.swift */,
				E27F700223FE30AE0007AD40 /* Util.swift */,
				E27F70112400AE860007AD40 /* Constants.swift */,
				E27F70132400C8D50007AD40 /* SpeedGradientGenerator.swift */,
			);
			path = Model;
			sourceTree = "<group>";
		};
		E286170023D9960F00D17C55 /* Controller */ = {
			isa = PBXGroup;
			children = (
				E286170123D9966300D17C55 /* MainViewController.swift */,
				E286170523DA38C900D17C55 /* DurationTimer.swift */,
				E2997D8223DAC15D001A6A57 /* RideOverviewViewController.swift */,
				E255D10123DC3A9300261C46 /* RidesListViewController.swift */,
				E255D10323DCCF7200261C46 /* RideDetailViewController.swift */,
			);
			path = Controller;
			sourceTree = "<group>";
		};
		E2997D7923DA5F62001A6A57 /* Extensions */ = {
			isa = PBXGroup;
			children = (
				E2997D7A23DA5F73001A6A57 /* String+Extension.swift */,
				E2997D7E23DA74F0001A6A57 /* UIColor+Extension.swift */,
				E27F700423FE3D530007AD40 /* MKMapView+Extension.swift */,
			);
			path = Extensions;
			sourceTree = "<group>";
		};
/* End PBXGroup section */

/* Begin PBXNativeTarget section */
		E277DD5923D91CA200795F4D /* BikeBuddy */ = {
			isa = PBXNativeTarget;
			buildConfigurationList = E277DD8723D91CAA00795F4D /* Build configuration list for PBXNativeTarget "BikeBuddy" */;
			buildPhases = (
				E277DD5623D91CA200795F4D /* Sources */,
				E277DD5723D91CA200795F4D /* Frameworks */,
				E277DD5823D91CA200795F4D /* Resources */,
			);
			buildRules = (
			);
			dependencies = (
			);
			name = BikeBuddy;
			productName = BikeBuddy;
			productReference = E277DD5A23D91CA200795F4D /* BikeBuddy.app */;
			productType = "com.apple.product-type.application";
		};
		E277DD7223D91CAA00795F4D /* BikeBuddyTests */ = {
			isa = PBXNativeTarget;
			buildConfigurationList = E277DD8A23D91CAA00795F4D /* Build configuration list for PBXNativeTarget "BikeBuddyTests" */;
			buildPhases = (
				E277DD6F23D91CAA00795F4D /* Sources */,
				E277DD7023D91CAA00795F4D /* Frameworks */,
				E277DD7123D91CAA00795F4D /* Resources */,
			);
			buildRules = (
			);
			dependencies = (
				E277DD7523D91CAA00795F4D /* PBXTargetDependency */,
			);
			name = BikeBuddyTests;
			productName = BikeBuddyTests;
			productReference = E277DD7323D91CAA00795F4D /* BikeBuddyTests.xctest */;
			productType = "com.apple.product-type.bundle.unit-test";
		};
		E277DD7D23D91CAA00795F4D /* BikeBuddyUITests */ = {
			isa = PBXNativeTarget;
			buildConfigurationList = E277DD8D23D91CAA00795F4D /* Build configuration list for PBXNativeTarget "BikeBuddyUITests" */;
			buildPhases = (
				E277DD7A23D91CAA00795F4D /* Sources */,
				E277DD7B23D91CAA00795F4D /* Frameworks */,
				E277DD7C23D91CAA00795F4D /* Resources */,
			);
			buildRules = (
			);
			dependencies = (
				E277DD8023D91CAA00795F4D /* PBXTargetDependency */,
			);
			name = BikeBuddyUITests;
			productName = BikeBuddyUITests;
			productReference = E277DD7E23D91CAA00795F4D /* BikeBuddyUITests.xctest */;
			productType = "com.apple.product-type.bundle.ui-testing";
		};
/* End PBXNativeTarget section */

/* Begin PBXProject section */
		E277DD5223D91CA200795F4D /* Project object */ = {
			isa = PBXProject;
			attributes = {
				LastSwiftUpdateCheck = 1100;
				LastUpgradeCheck = 1100;
				ORGANIZATIONNAME = Edan;
				TargetAttributes = {
					E277DD5923D91CA200795F4D = {
						CreatedOnToolsVersion = 11.0;
					};
					E277DD7223D91CAA00795F4D = {
						CreatedOnToolsVersion = 11.0;
						TestTargetID = E277DD5923D91CA200795F4D;
					};
					E277DD7D23D91CAA00795F4D = {
						CreatedOnToolsVersion = 11.0;
						TestTargetID = E277DD5923D91CA200795F4D;
					};
				};
			};
			buildConfigurationList = E277DD5523D91CA200795F4D /* Build configuration list for PBXProject "BikeBuddy" */;
			compatibilityVersion = "Xcode 9.3";
			developmentRegion = en;
			hasScannedForEncodings = 0;
			knownRegions = (
				en,
				Base,
			);
			mainGroup = E277DD5123D91CA200795F4D;
			productRefGroup = E277DD5B23D91CA200795F4D /* Products */;
			projectDirPath = "";
			projectRoot = "";
			targets = (
				E277DD5923D91CA200795F4D /* BikeBuddy */,
				E277DD7223D91CAA00795F4D /* BikeBuddyTests */,
				E277DD7D23D91CAA00795F4D /* BikeBuddyUITests */,
			);
		};
/* End PBXProject section */

/* Begin PBXResourcesBuildPhase section */
		E277DD5823D91CA200795F4D /* Resources */ = {
			isa = PBXResourcesBuildPhase;
			buildActionMask = 2147483647;
			files = (
				E277DD6D23D91CAA00795F4D /* LaunchScreen.storyboard in Resources */,
				E277DD6A23D91CAA00795F4D /* Assets.xcassets in Resources */,
				E277DD6523D91CA300795F4D /* Main.storyboard in Resources */,
			);
			runOnlyForDeploymentPostprocessing = 0;
		};
		E277DD7123D91CAA00795F4D /* Resources */ = {
			isa = PBXResourcesBuildPhase;
			buildActionMask = 2147483647;
			files = (
			);
			runOnlyForDeploymentPostprocessing = 0;
		};
		E277DD7C23D91CAA00795F4D /* Resources */ = {
			isa = PBXResourcesBuildPhase;
			buildActionMask = 2147483647;
			files = (
			);
			runOnlyForDeploymentPostprocessing = 0;
		};
/* End PBXResourcesBuildPhase section */

/* Begin PBXSourcesBuildPhase section */
		E277DD5623D91CA200795F4D /* Sources */ = {
			isa = PBXSourcesBuildPhase;
			buildActionMask = 2147483647;
			files = (
				E2997D7B23DA5F73001A6A57 /* String+Extension.swift in Sources */,
				E255D0FF23DBA0B600261C46 /* CDRide+CoreDataProperties.swift in Sources */,
				E2997D8323DAC15D001A6A57 /* RideOverviewViewController.swift in Sources */,
				E255D10423DCCF7200261C46 /* RideDetailViewController.swift in Sources */,
				E27F700323FE30AE0007AD40 /* Util.swift in Sources */,
				E255D10223DC3A9300261C46 /* RidesListViewController.swift in Sources */,
				E27F6FF423FC92DC0007AD40 /* BikeBuddy.xcdatamodeld in Sources */,
				E27F70122400AE860007AD40 /* Constants.swift in Sources */,
				E2997D8123DA8511001A6A57 /* PersistenceManager.swift in Sources */,
				E27F700F23FE702C0007AD40 /* CDImage+CoreDataProperties.swift in Sources */,
				E27F6FF623FCDD3D0007AD40 /* RoutePoint.swift in Sources */,
				E255D0FE23DBA0B600261C46 /* CDRide+CoreDataClass.swift in Sources */,
				E277DD5E23D91CA300795F4D /* AppDelegate.swift in Sources */,
				E27F700823FE5A570007AD40 /* MapViewModel.swift in Sources */,
				E2997D7F23DA74F0001A6A57 /* UIColor+Extension.swift in Sources */,
				E286170223D9966300D17C55 /* MainViewController.swift in Sources */,
				E27F70142400C8D50007AD40 /* SpeedGradientGenerator.swift in Sources */,
				E27F6FFE23FE05C00007AD40 /* RouteFrame.swift in Sources */,
				E27F700123FE197D0007AD40 /* RideListTableViewCell.swift in Sources */,
				E28616FF23D98E2C00D17C55 /* Route.swift in Sources */,
				E27F6FFC23FCFD0C0007AD40 /* Ride.swift in Sources */,
				E27F6FF923FCF0E50007AD40 /* CDRoute+CoreDataClass.swift in Sources */,
				E286170623DA38C900D17C55 /* DurationTimer.swift in Sources */,
				E27F701023FE702C0007AD40 /* CDImage+CoreDataClass.swift in Sources */,
				E27F700523FE3D530007AD40 /* MKMapView+Extension.swift in Sources */,
				E277DD6023D91CA300795F4D /* SceneDelegate.swift in Sources */,
				E27F6FFA23FCF0E50007AD40 /* CDRoute+CoreDataProperties.swift in Sources */,
			);
			runOnlyForDeploymentPostprocessing = 0;
		};
		E277DD6F23D91CAA00795F4D /* Sources */ = {
			isa = PBXSourcesBuildPhase;
			buildActionMask = 2147483647;
			files = (
				E277DD7823D91CAA00795F4D /* BikeBuddyTests.swift in Sources */,
			);
			runOnlyForDeploymentPostprocessing = 0;
		};
		E277DD7A23D91CAA00795F4D /* Sources */ = {
			isa = PBXSourcesBuildPhase;
			buildActionMask = 2147483647;
			files = (
				E277DD8323D91CAA00795F4D /* BikeBuddyUITests.swift in Sources */,
			);
			runOnlyForDeploymentPostprocessing = 0;
		};
/* End PBXSourcesBuildPhase section */

/* Begin PBXTargetDependency section */
		E277DD7523D91CAA00795F4D /* PBXTargetDependency */ = {
			isa = PBXTargetDependency;
			target = E277DD5923D91CA200795F4D /* BikeBuddy */;
			targetProxy = E277DD7423D91CAA00795F4D /* PBXContainerItemProxy */;
		};
		E277DD8023D91CAA00795F4D /* PBXTargetDependency */ = {
			isa = PBXTargetDependency;
			target = E277DD5923D91CA200795F4D /* BikeBuddy */;
			targetProxy = E277DD7F23D91CAA00795F4D /* PBXContainerItemProxy */;
		};
/* End PBXTargetDependency section */

/* Begin PBXVariantGroup section */
		E277DD6323D91CA300795F4D /* Main.storyboard */ = {
			isa = PBXVariantGroup;
			children = (
				E277DD6423D91CA300795F4D /* Base */,
			);
			name = Main.storyboard;
			sourceTree = "<group>";
		};
		E277DD6B23D91CAA00795F4D /* LaunchScreen.storyboard */ = {
			isa = PBXVariantGroup;
			children = (
				E277DD6C23D91CAA00795F4D /* Base */,
			);
			name = LaunchScreen.storyboard;
			sourceTree = "<group>";
		};
/* End PBXVariantGroup section */

/* Begin XCBuildConfiguration section */
		E277DD8523D91CAA00795F4D /* Debug */ = {
			isa = XCBuildConfiguration;
			buildSettings = {
				ALWAYS_SEARCH_USER_PATHS = NO;
				CLANG_ANALYZER_NONNULL = YES;
				CLANG_ANALYZER_NUMBER_OBJECT_CONVERSION = YES_AGGRESSIVE;
				CLANG_CXX_LANGUAGE_STANDARD = "gnu++14";
				CLANG_CXX_LIBRARY = "libc++";
				CLANG_ENABLE_MODULES = YES;
				CLANG_ENABLE_OBJC_ARC = YES;
				CLANG_ENABLE_OBJC_WEAK = YES;
				CLANG_WARN_BLOCK_CAPTURE_AUTORELEASING = YES;
				CLANG_WARN_BOOL_CONVERSION = YES;
				CLANG_WARN_COMMA = YES;
				CLANG_WARN_CONSTANT_CONVERSION = YES;
				CLANG_WARN_DEPRECATED_OBJC_IMPLEMENTATIONS = YES;
				CLANG_WARN_DIRECT_OBJC_ISA_USAGE = YES_ERROR;
				CLANG_WARN_DOCUMENTATION_COMMENTS = YES;
				CLANG_WARN_EMPTY_BODY = YES;
				CLANG_WARN_ENUM_CONVERSION = YES;
				CLANG_WARN_INFINITE_RECURSION = YES;
				CLANG_WARN_INT_CONVERSION = YES;
				CLANG_WARN_NON_LITERAL_NULL_CONVERSION = YES;
				CLANG_WARN_OBJC_IMPLICIT_RETAIN_SELF = YES;
				CLANG_WARN_OBJC_LITERAL_CONVERSION = YES;
				CLANG_WARN_OBJC_ROOT_CLASS = YES_ERROR;
				CLANG_WARN_RANGE_LOOP_ANALYSIS = YES;
				CLANG_WARN_STRICT_PROTOTYPES = YES;
				CLANG_WARN_SUSPICIOUS_MOVE = YES;
				CLANG_WARN_UNGUARDED_AVAILABILITY = YES_AGGRESSIVE;
				CLANG_WARN_UNREACHABLE_CODE = YES;
				CLANG_WARN__DUPLICATE_METHOD_MATCH = YES;
				COPY_PHASE_STRIP = NO;
				DEBUG_INFORMATION_FORMAT = dwarf;
				ENABLE_STRICT_OBJC_MSGSEND = YES;
				ENABLE_TESTABILITY = YES;
				GCC_C_LANGUAGE_STANDARD = gnu11;
				GCC_DYNAMIC_NO_PIC = NO;
				GCC_NO_COMMON_BLOCKS = YES;
				GCC_OPTIMIZATION_LEVEL = 0;
				GCC_PREPROCESSOR_DEFINITIONS = (
					"DEBUG=1",
					"$(inherited)",
				);
				GCC_WARN_64_TO_32_BIT_CONVERSION = YES;
				GCC_WARN_ABOUT_RETURN_TYPE = YES_ERROR;
				GCC_WARN_UNDECLARED_SELECTOR = YES;
				GCC_WARN_UNINITIALIZED_AUTOS = YES_AGGRESSIVE;
				GCC_WARN_UNUSED_FUNCTION = YES;
				GCC_WARN_UNUSED_VARIABLE = YES;
				IPHONEOS_DEPLOYMENT_TARGET = 13.0;
				MTL_ENABLE_DEBUG_INFO = INCLUDE_SOURCE;
				MTL_FAST_MATH = YES;
				ONLY_ACTIVE_ARCH = YES;
				SDKROOT = iphoneos;
				SWIFT_ACTIVE_COMPILATION_CONDITIONS = DEBUG;
				SWIFT_OPTIMIZATION_LEVEL = "-Onone";
			};
			name = Debug;
		};
		E277DD8623D91CAA00795F4D /* Release */ = {
			isa = XCBuildConfiguration;
			buildSettings = {
				ALWAYS_SEARCH_USER_PATHS = NO;
				CLANG_ANALYZER_NONNULL = YES;
				CLANG_ANALYZER_NUMBER_OBJECT_CONVERSION = YES_AGGRESSIVE;
				CLANG_CXX_LANGUAGE_STANDARD = "gnu++14";
				CLANG_CXX_LIBRARY = "libc++";
				CLANG_ENABLE_MODULES = YES;
				CLANG_ENABLE_OBJC_ARC = YES;
				CLANG_ENABLE_OBJC_WEAK = YES;
				CLANG_WARN_BLOCK_CAPTURE_AUTORELEASING = YES;
				CLANG_WARN_BOOL_CONVERSION = YES;
				CLANG_WARN_COMMA = YES;
				CLANG_WARN_CONSTANT_CONVERSION = YES;
				CLANG_WARN_DEPRECATED_OBJC_IMPLEMENTATIONS = YES;
				CLANG_WARN_DIRECT_OBJC_ISA_USAGE = YES_ERROR;
				CLANG_WARN_DOCUMENTATION_COMMENTS = YES;
				CLANG_WARN_EMPTY_BODY = YES;
				CLANG_WARN_ENUM_CONVERSION = YES;
				CLANG_WARN_INFINITE_RECURSION = YES;
				CLANG_WARN_INT_CONVERSION = YES;
				CLANG_WARN_NON_LITERAL_NULL_CONVERSION = YES;
				CLANG_WARN_OBJC_IMPLICIT_RETAIN_SELF = YES;
				CLANG_WARN_OBJC_LITERAL_CONVERSION = YES;
				CLANG_WARN_OBJC_ROOT_CLASS = YES_ERROR;
				CLANG_WARN_RANGE_LOOP_ANALYSIS = YES;
				CLANG_WARN_STRICT_PROTOTYPES = YES;
				CLANG_WARN_SUSPICIOUS_MOVE = YES;
				CLANG_WARN_UNGUARDED_AVAILABILITY = YES_AGGRESSIVE;
				CLANG_WARN_UNREACHABLE_CODE = YES;
				CLANG_WARN__DUPLICATE_METHOD_MATCH = YES;
				COPY_PHASE_STRIP = NO;
				DEBUG_INFORMATION_FORMAT = "dwarf-with-dsym";
				ENABLE_NS_ASSERTIONS = NO;
				ENABLE_STRICT_OBJC_MSGSEND = YES;
				GCC_C_LANGUAGE_STANDARD = gnu11;
				GCC_NO_COMMON_BLOCKS = YES;
				GCC_WARN_64_TO_32_BIT_CONVERSION = YES;
				GCC_WARN_ABOUT_RETURN_TYPE = YES_ERROR;
				GCC_WARN_UNDECLARED_SELECTOR = YES;
				GCC_WARN_UNINITIALIZED_AUTOS = YES_AGGRESSIVE;
				GCC_WARN_UNUSED_FUNCTION = YES;
				GCC_WARN_UNUSED_VARIABLE = YES;
				IPHONEOS_DEPLOYMENT_TARGET = 13.0;
				MTL_ENABLE_DEBUG_INFO = NO;
				MTL_FAST_MATH = YES;
				SDKROOT = iphoneos;
				SWIFT_COMPILATION_MODE = wholemodule;
				SWIFT_OPTIMIZATION_LEVEL = "-O";
				VALIDATE_PRODUCT = YES;
			};
			name = Release;
		};
		E277DD8823D91CAA00795F4D /* Debug */ = {
			isa = XCBuildConfiguration;
			buildSettings = {
				ASSETCATALOG_COMPILER_APPICON_NAME = AppIcon;
				CODE_SIGN_STYLE = Automatic;
				DEVELOPMENT_TEAM = 85NSFJ3D63;
				INFOPLIST_FILE = BikeBuddy/Info.plist;
				LD_RUNPATH_SEARCH_PATHS = (
					"$(inherited)",
					"@executable_path/Frameworks",
				);
				PRODUCT_BUNDLE_IDENTIFIER = Edan.Yachdav.BikeBuddy;
				PRODUCT_NAME = "$(TARGET_NAME)";
				SWIFT_VERSION = 5.0;
				TARGETED_DEVICE_FAMILY = "1,2";
			};
			name = Debug;
		};
		E277DD8923D91CAA00795F4D /* Release */ = {
			isa = XCBuildConfiguration;
			buildSettings = {
				ASSETCATALOG_COMPILER_APPICON_NAME = AppIcon;
				CODE_SIGN_STYLE = Automatic;
				DEVELOPMENT_TEAM = 85NSFJ3D63;
				INFOPLIST_FILE = BikeBuddy/Info.plist;
				LD_RUNPATH_SEARCH_PATHS = (
					"$(inherited)",
					"@executable_path/Frameworks",
				);
				PRODUCT_BUNDLE_IDENTIFIER = Edan.Yachdav.BikeBuddy;
				PRODUCT_NAME = "$(TARGET_NAME)";
				SWIFT_VERSION = 5.0;
				TARGETED_DEVICE_FAMILY = "1,2";
			};
			name = Release;
		};
		E277DD8B23D91CAA00795F4D /* Debug */ = {
			isa = XCBuildConfiguration;
			buildSettings = {
				ALWAYS_EMBED_SWIFT_STANDARD_LIBRARIES = YES;
				BUNDLE_LOADER = "$(TEST_HOST)";
				CODE_SIGN_STYLE = Automatic;
				DEVELOPMENT_TEAM = 85NSFJ3D63;
				INFOPLIST_FILE = BikeBuddyTests/Info.plist;
				IPHONEOS_DEPLOYMENT_TARGET = 13.0;
				LD_RUNPATH_SEARCH_PATHS = (
					"$(inherited)",
					"@executable_path/Frameworks",
					"@loader_path/Frameworks",
				);
				PRODUCT_BUNDLE_IDENTIFIER = Edan.Yachdav.BikeBuddyTests;
				PRODUCT_NAME = "$(TARGET_NAME)";
				SWIFT_VERSION = 5.0;
				TARGETED_DEVICE_FAMILY = "1,2";
				TEST_HOST = "$(BUILT_PRODUCTS_DIR)/BikeBuddy.app/BikeBuddy";
			};
			name = Debug;
		};
		E277DD8C23D91CAA00795F4D /* Release */ = {
			isa = XCBuildConfiguration;
			buildSettings = {
				ALWAYS_EMBED_SWIFT_STANDARD_LIBRARIES = YES;
				BUNDLE_LOADER = "$(TEST_HOST)";
				CODE_SIGN_STYLE = Automatic;
				DEVELOPMENT_TEAM = 85NSFJ3D63;
				INFOPLIST_FILE = BikeBuddyTests/Info.plist;
				IPHONEOS_DEPLOYMENT_TARGET = 13.0;
				LD_RUNPATH_SEARCH_PATHS = (
					"$(inherited)",
					"@executable_path/Frameworks",
					"@loader_path/Frameworks",
				);
				PRODUCT_BUNDLE_IDENTIFIER = Edan.Yachdav.BikeBuddyTests;
				PRODUCT_NAME = "$(TARGET_NAME)";
				SWIFT_VERSION = 5.0;
				TARGETED_DEVICE_FAMILY = "1,2";
				TEST_HOST = "$(BUILT_PRODUCTS_DIR)/BikeBuddy.app/BikeBuddy";
			};
			name = Release;
		};
		E277DD8E23D91CAA00795F4D /* Debug */ = {
			isa = XCBuildConfiguration;
			buildSettings = {
				ALWAYS_EMBED_SWIFT_STANDARD_LIBRARIES = YES;
				CODE_SIGN_STYLE = Automatic;
				DEVELOPMENT_TEAM = 85NSFJ3D63;
				INFOPLIST_FILE = BikeBuddyUITests/Info.plist;
				LD_RUNPATH_SEARCH_PATHS = (
					"$(inherited)",
					"@executable_path/Frameworks",
					"@loader_path/Frameworks",
				);
				PRODUCT_BUNDLE_IDENTIFIER = Edan.Yachdav.BikeBuddyUITests;
				PRODUCT_NAME = "$(TARGET_NAME)";
				SWIFT_VERSION = 5.0;
				TARGETED_DEVICE_FAMILY = "1,2";
				TEST_TARGET_NAME = BikeBuddy;
			};
			name = Debug;
		};
		E277DD8F23D91CAA00795F4D /* Release */ = {
			isa = XCBuildConfiguration;
			buildSettings = {
				ALWAYS_EMBED_SWIFT_STANDARD_LIBRARIES = YES;
				CODE_SIGN_STYLE = Automatic;
				DEVELOPMENT_TEAM = 85NSFJ3D63;
				INFOPLIST_FILE = BikeBuddyUITests/Info.plist;
				LD_RUNPATH_SEARCH_PATHS = (
					"$(inherited)",
					"@executable_path/Frameworks",
					"@loader_path/Frameworks",
				);
				PRODUCT_BUNDLE_IDENTIFIER = Edan.Yachdav.BikeBuddyUITests;
				PRODUCT_NAME = "$(TARGET_NAME)";
				SWIFT_VERSION = 5.0;
				TARGETED_DEVICE_FAMILY = "1,2";
				TEST_TARGET_NAME = BikeBuddy;
			};
			name = Release;
		};
/* End XCBuildConfiguration section */

/* Begin XCConfigurationList section */
		E277DD5523D91CA200795F4D /* Build configuration list for PBXProject "BikeBuddy" */ = {
			isa = XCConfigurationList;
			buildConfigurations = (
				E277DD8523D91CAA00795F4D /* Debug */,
				E277DD8623D91CAA00795F4D /* Release */,
			);
			defaultConfigurationIsVisible = 0;
			defaultConfigurationName = Release;
		};
		E277DD8723D91CAA00795F4D /* Build configuration list for PBXNativeTarget "BikeBuddy" */ = {
			isa = XCConfigurationList;
			buildConfigurations = (
				E277DD8823D91CAA00795F4D /* Debug */,
				E277DD8923D91CAA00795F4D /* Release */,
			);
			defaultConfigurationIsVisible = 0;
			defaultConfigurationName = Release;
		};
		E277DD8A23D91CAA00795F4D /* Build configuration list for PBXNativeTarget "BikeBuddyTests" */ = {
			isa = XCConfigurationList;
			buildConfigurations = (
				E277DD8B23D91CAA00795F4D /* Debug */,
				E277DD8C23D91CAA00795F4D /* Release */,
			);
			defaultConfigurationIsVisible = 0;
			defaultConfigurationName = Release;
		};
		E277DD8D23D91CAA00795F4D /* Build configuration list for PBXNativeTarget "BikeBuddyUITests" */ = {
			isa = XCConfigurationList;
			buildConfigurations = (
				E277DD8E23D91CAA00795F4D /* Debug */,
				E277DD8F23D91CAA00795F4D /* Release */,
			);
			defaultConfigurationIsVisible = 0;
			defaultConfigurationName = Release;
		};
/* End XCConfigurationList section */

/* Begin XCVersionGroup section */
		E27F6FF223FC92DC0007AD40 /* BikeBuddy.xcdatamodeld */ = {
			isa = XCVersionGroup;
			children = (
				E27F6FF323FC92DC0007AD40 /* BikeBuddy.xcdatamodel */,
			);
			currentVersion = E27F6FF323FC92DC0007AD40 /* BikeBuddy.xcdatamodel */;
			path = BikeBuddy.xcdatamodeld;
			sourceTree = "<group>";
			versionGroupType = wrapper.xcdatamodel;
		};
/* End XCVersionGroup section */
	};
	rootObject = E277DD5223D91CA200795F4D /* Project object */;
}
